// !$*UTF8*$!
{
	archiveVersion = 1;
	classes = {
	};
	objectVersion = 50;
	objects = {

/* Begin PBXBuildFile section */
		090D1DB12129D31F00109792 /* girlParser.c in Sources */ = {isa = PBXBuildFile; fileRef = 090D1DAF2129D31F00109792 /* girlParser.c */; };
		0919B32D212791F9000298A5 /* testPath.sh in CopyFiles */ = {isa = PBXBuildFile; fileRef = 0919B32C212791A6000298A5 /* testPath.sh */; settings = {ATTRIBUTES = (CodeSignOnCopy, ); }; };
		0919B32F21279674000298A5 /* testFile.sh in CopyFiles */ = {isa = PBXBuildFile; fileRef = 0919B32E2127964C000298A5 /* testFile.sh */; settings = {ATTRIBUTES = (CodeSignOnCopy, ); }; };
		0919B33121279B5F000298A5 /* createFile.sh in CopyFiles */ = {isa = PBXBuildFile; fileRef = 0919B33021279B15000298A5 /* createFile.sh */; settings = {ATTRIBUTES = (CodeSignOnCopy, ); }; };
		0928003A2126B7CD003A3B0E /* cmd.c in Sources */ = {isa = PBXBuildFile; fileRef = 092800382126B7CD003A3B0E /* cmd.c */; };
		094667E821253811002CE844 /* dataModel.c in Sources */ = {isa = PBXBuildFile; fileRef = 094667E621253811002CE844 /* dataModel.c */; };
		09506EC62124816700A9741A /* main.c in Sources */ = {isa = PBXBuildFile; fileRef = 09506EC52124816700A9741A /* main.c */; };
		09506ECE212481F500A9741A /* library-strings.c in Sources */ = {isa = PBXBuildFile; fileRef = 09506ECC212481F500A9741A /* library-strings.c */; };
		0988E688212561B100D58B2E /* installing.c in Sources */ = {isa = PBXBuildFile; fileRef = 0988E686212561B100D58B2E /* installing.c */; };
		0988E68B212570EC00D58B2E /* parse-cmd.c in Sources */ = {isa = PBXBuildFile; fileRef = 0988E689212570EC00D58B2E /* parse-cmd.c */; };
		09C91EDE2128156E00E6DB62 /* deleteDir.sh in CopyFiles */ = {isa = PBXBuildFile; fileRef = 09C91EDD212813D600E6DB62 /* deleteDir.sh */; settings = {ATTRIBUTES = (CodeSignOnCopy, ); }; };
		09C91EE0212826E500E6DB62 /* testDir.sh in CopyFiles */ = {isa = PBXBuildFile; fileRef = 09C91EDF212818AA00E6DB62 /* testDir.sh */; settings = {ATTRIBUTES = (CodeSignOnCopy, ); }; };
		09C91EE22128284600E6DB62 /* deleteFile.sh in CopyFiles */ = {isa = PBXBuildFile; fileRef = 09C91EE12128282300E6DB62 /* deleteFile.sh */; settings = {ATTRIBUTES = (CodeSignOnCopy, ); }; };
		09C91EE421282D3E00E6DB62 /* readFile.sh in CopyFiles */ = {isa = PBXBuildFile; fileRef = 09C91EE321282B6F00E6DB62 /* readFile.sh */; settings = {ATTRIBUTES = (CodeSignOnCopy, ); }; };
		09C91EE72128436A00E6DB62 /* csv-reader.c in Sources */ = {isa = PBXBuildFile; fileRef = 09C91EE52128436A00E6DB62 /* csv-reader.c */; };
		09F581312126EE25001A788F /* fileSystem.c in Sources */ = {isa = PBXBuildFile; fileRef = 09F5812F2126EE25001A788F /* fileSystem.c */; };
		09F5814E21277707001A788F /* createDirectory.sh in CopyFiles */ = {isa = PBXBuildFile; fileRef = 09F58134212773A0001A788F /* createDirectory.sh */; settings = {ATTRIBUTES = (CodeSignOnCopy, ); }; };
/* End PBXBuildFile section */

/* Begin PBXCopyFilesBuildPhase section */
		09506EC02124816700A9741A /* CopyFiles */ = {
			isa = PBXCopyFilesBuildPhase;
			buildActionMask = 12;
			dstPath = "";
			dstSubfolderSpec = 6;
			files = (
				09C91EE421282D3E00E6DB62 /* readFile.sh in CopyFiles */,
				09C91EE22128284600E6DB62 /* deleteFile.sh in CopyFiles */,
				09C91EE0212826E500E6DB62 /* testDir.sh in CopyFiles */,
				09C91EDE2128156E00E6DB62 /* deleteDir.sh in CopyFiles */,
				0919B33121279B5F000298A5 /* createFile.sh in CopyFiles */,
				0919B32F21279674000298A5 /* testFile.sh in CopyFiles */,
				0919B32D212791F9000298A5 /* testPath.sh in CopyFiles */,
				09F5814E21277707001A788F /* createDirectory.sh in CopyFiles */,
			);
			runOnlyForDeploymentPostprocessing = 0;
		};
/* End PBXCopyFilesBuildPhase section */

/* Begin PBXFileReference section */
		090D1DAF2129D31F00109792 /* girlParser.c */ = {isa = PBXFileReference; lastKnownFileType = sourcecode.c.c; path = girlParser.c; sourceTree = "<group>"; };
		090D1DB02129D31F00109792 /* girlParser.h */ = {isa = PBXFileReference; lastKnownFileType = sourcecode.c.h; path = girlParser.h; sourceTree = "<group>"; };
		0919B32C212791A6000298A5 /* testPath.sh */ = {isa = PBXFileReference; lastKnownFileType = text.script.sh; path = testPath.sh; sourceTree = "<group>"; };
		0919B32E2127964C000298A5 /* testFile.sh */ = {isa = PBXFileReference; lastKnownFileType = text.script.sh; path = testFile.sh; sourceTree = "<group>"; };
		0919B33021279B15000298A5 /* createFile.sh */ = {isa = PBXFileReference; lastKnownFileType = text.script.sh; path = createFile.sh; sourceTree = "<group>"; };
		092800382126B7CD003A3B0E /* cmd.c */ = {isa = PBXFileReference; lastKnownFileType = sourcecode.c.c; path = cmd.c; sourceTree = "<group>"; };
		092800392126B7CD003A3B0E /* cmd.h */ = {isa = PBXFileReference; lastKnownFileType = sourcecode.c.h; path = cmd.h; sourceTree = "<group>"; };
		094667E621253811002CE844 /* dataModel.c */ = {isa = PBXFileReference; lastKnownFileType = sourcecode.c.c; path = dataModel.c; sourceTree = "<group>"; };
		094667E721253811002CE844 /* dataModel.h */ = {isa = PBXFileReference; lastKnownFileType = sourcecode.c.h; path = dataModel.h; sourceTree = "<group>"; };
		09506EC22124816700A9741A /* generatic */ = {isa = PBXFileReference; explicitFileType = "compiled.mach-o.executable"; includeInIndex = 0; path = generatic; sourceTree = BUILT_PRODUCTS_DIR; };
		09506EC52124816700A9741A /* main.c */ = {isa = PBXFileReference; lastKnownFileType = sourcecode.c.c; path = main.c; sourceTree = "<group>"; };
		09506ECC212481F500A9741A /* library-strings.c */ = {isa = PBXFileReference; lastKnownFileType = sourcecode.c.c; path = "library-strings.c"; sourceTree = "<group>"; };
		09506ECD212481F500A9741A /* library-strings.h */ = {isa = PBXFileReference; lastKnownFileType = sourcecode.c.h; path = "library-strings.h"; sourceTree = "<group>"; };
		0988E686212561B100D58B2E /* installing.c */ = {isa = PBXFileReference; lastKnownFileType = sourcecode.c.c; path = installing.c; sourceTree = "<group>"; };
		0988E687212561B100D58B2E /* installing.h */ = {isa = PBXFileReference; lastKnownFileType = sourcecode.c.h; path = installing.h; sourceTree = "<group>"; };
		0988E689212570EC00D58B2E /* parse-cmd.c */ = {isa = PBXFileReference; lastKnownFileType = sourcecode.c.c; path = "parse-cmd.c"; sourceTree = "<group>"; };
		0988E68A212570EC00D58B2E /* parse-cmd.h */ = {isa = PBXFileReference; lastKnownFileType = sourcecode.c.h; path = "parse-cmd.h"; sourceTree = "<group>"; };
		09C91EDD212813D600E6DB62 /* deleteDir.sh */ = {isa = PBXFileReference; lastKnownFileType = text.script.sh; path = deleteDir.sh; sourceTree = "<group>"; };
		09C91EDF212818AA00E6DB62 /* testDir.sh */ = {isa = PBXFileReference; lastKnownFileType = text.script.sh; path = testDir.sh; sourceTree = "<group>"; };
		09C91EE12128282300E6DB62 /* deleteFile.sh */ = {isa = PBXFileReference; lastKnownFileType = text.script.sh; path = deleteFile.sh; sourceTree = "<group>"; };
		09C91EE321282B6F00E6DB62 /* readFile.sh */ = {isa = PBXFileReference; lastKnownFileType = text.script.sh; path = readFile.sh; sourceTree = "<group>"; };
		09C91EE52128436A00E6DB62 /* csv-reader.c */ = {isa = PBXFileReference; lastKnownFileType = sourcecode.c.c; path = "csv-reader.c"; sourceTree = "<group>"; };
		09C91EE62128436A00E6DB62 /* csv-reader.h */ = {isa = PBXFileReference; lastKnownFileType = sourcecode.c.h; path = "csv-reader.h"; sourceTree = "<group>"; };
		09F5812F2126EE25001A788F /* fileSystem.c */ = {isa = PBXFileReference; lastKnownFileType = sourcecode.c.c; path = fileSystem.c; sourceTree = "<group>"; };
		09F581302126EE25001A788F /* fileSystem.h */ = {isa = PBXFileReference; lastKnownFileType = sourcecode.c.h; path = fileSystem.h; sourceTree = "<group>"; };
		09F58134212773A0001A788F /* createDirectory.sh */ = {isa = PBXFileReference; fileEncoding = 4; lastKnownFileType = text.script.sh; path = createDirectory.sh; sourceTree = SOURCE_ROOT; };
/* End PBXFileReference section */

/* Begin PBXFrameworksBuildPhase section */
		09506EBF2124816700A9741A /* Frameworks */ = {
			isa = PBXFrameworksBuildPhase;
			buildActionMask = 2147483647;
			files = (
			);
			runOnlyForDeploymentPostprocessing = 0;
		};
/* End PBXFrameworksBuildPhase section */

/* Begin PBXGroup section */
		09506EB92124816700A9741A = {
			isa = PBXGroup;
			children = (
				09C91EE321282B6F00E6DB62 /* readFile.sh */,
				09C91EE12128282300E6DB62 /* deleteFile.sh */,
				09C91EDF212818AA00E6DB62 /* testDir.sh */,
				09C91EDD212813D600E6DB62 /* deleteDir.sh */,
				0919B33021279B15000298A5 /* createFile.sh */,
				0919B32C212791A6000298A5 /* testPath.sh */,
				0919B32E2127964C000298A5 /* testFile.sh */,
				09F58134212773A0001A788F /* createDirectory.sh */,
				09506EC42124816700A9741A /* generatic */,
				09506EC32124816700A9741A /* Products */,
			);
			sourceTree = "<group>";
		};
		09506EC32124816700A9741A /* Products */ = {
			isa = PBXGroup;
			children = (
				09506EC22124816700A9741A /* generatic */,
			);
			name = Products;
			sourceTree = "<group>";
		};
		09506EC42124816700A9741A /* generatic */ = {
			isa = PBXGroup;
			children = (
				09506EC52124816700A9741A /* main.c */,
				0988E686212561B100D58B2E /* installing.c */,
				0988E687212561B100D58B2E /* installing.h */,
				09506ECC212481F500A9741A /* library-strings.c */,
				09506ECD212481F500A9741A /* library-strings.h */,
				094667E621253811002CE844 /* dataModel.c */,
				094667E721253811002CE844 /* dataModel.h */,
				0988E689212570EC00D58B2E /* parse-cmd.c */,
				0988E68A212570EC00D58B2E /* parse-cmd.h */,
				092800382126B7CD003A3B0E /* cmd.c */,
				092800392126B7CD003A3B0E /* cmd.h */,
				09F5812F2126EE25001A788F /* fileSystem.c */,
				09F581302126EE25001A788F /* fileSystem.h */,
				09C91EE52128436A00E6DB62 /* csv-reader.c */,
				09C91EE62128436A00E6DB62 /* csv-reader.h */,
				090D1DAF2129D31F00109792 /* girlParser.c */,
				090D1DB02129D31F00109792 /* girlParser.h */,
			);
			path = generatic;
			sourceTree = "<group>";
		};
/* End PBXGroup section */

/* Begin PBXNativeTarget section */
		09506EC12124816700A9741A /* generatic */ = {
			isa = PBXNativeTarget;
			buildConfigurationList = 09506EC92124816700A9741A /* Build configuration list for PBXNativeTarget "generatic" */;
			buildPhases = (
				09506EBE2124816700A9741A /* Sources */,
				09506EBF2124816700A9741A /* Frameworks */,
				09506EC02124816700A9741A /* CopyFiles */,
			);
			buildRules = (
			);
			dependencies = (
			);
			name = generatic;
			productName = generatic;
			productReference = 09506EC22124816700A9741A /* generatic */;
			productType = "com.apple.product-type.tool";
		};
/* End PBXNativeTarget section */

/* Begin PBXProject section */
		09506EBA2124816700A9741A /* Project object */ = {
			isa = PBXProject;
			attributes = {
				LastUpgradeCheck = 0940;
				ORGANIZATIONNAME = Olivier;
				TargetAttributes = {
					09506EC12124816700A9741A = {
						CreatedOnToolsVersion = 9.4.1;
					};
				};
			};
			buildConfigurationList = 09506EBD2124816700A9741A /* Build configuration list for PBXProject "generatic" */;
			compatibilityVersion = "Xcode 9.3";
			developmentRegion = en;
			hasScannedForEncodings = 0;
			knownRegions = (
				en,
			);
			mainGroup = 09506EB92124816700A9741A;
			productRefGroup = 09506EC32124816700A9741A /* Products */;
			projectDirPath = "";
			projectRoot = "";
			targets = (
				09506EC12124816700A9741A /* generatic */,
			);
		};
/* End PBXProject section */

/* Begin PBXSourcesBuildPhase section */
		09506EBE2124816700A9741A /* Sources */ = {
			isa = PBXSourcesBuildPhase;
			buildActionMask = 2147483647;
			files = (
				0928003A2126B7CD003A3B0E /* cmd.c in Sources */,
				09C91EE72128436A00E6DB62 /* csv-reader.c in Sources */,
				094667E821253811002CE844 /* dataModel.c in Sources */,
				09506ECE212481F500A9741A /* library-strings.c in Sources */,
				0988E688212561B100D58B2E /* installing.c in Sources */,
				090D1DB12129D31F00109792 /* girlParser.c in Sources */,
				09F581312126EE25001A788F /* fileSystem.c in Sources */,
				0988E68B212570EC00D58B2E /* parse-cmd.c in Sources */,
				09506EC62124816700A9741A /* main.c in Sources */,
			);
			runOnlyForDeploymentPostprocessing = 0;
		};
/* End PBXSourcesBuildPhase section */

/* Begin XCBuildConfiguration section */
		09506EC72124816700A9741A /* Debug */ = {
			isa = XCBuildConfiguration;
			buildSettings = {
				ALWAYS_SEARCH_USER_PATHS = NO;
				CLANG_ANALYZER_NONNULL = YES;
				CLANG_ANALYZER_NUMBER_OBJECT_CONVERSION = YES_AGGRESSIVE;
				CLANG_CXX_LANGUAGE_STANDARD = "gnu++14";
				CLANG_CXX_LIBRARY = "libc++";
				CLANG_ENABLE_MODULES = YES;
				CLANG_ENABLE_OBJC_ARC = YES;
				CLANG_ENABLE_OBJC_WEAK = YES;
				CLANG_WARN_BLOCK_CAPTURE_AUTORELEASING = YES;
				CLANG_WARN_BOOL_CONVERSION = YES;
				CLANG_WARN_COMMA = YES;
				CLANG_WARN_CONSTANT_CONVERSION = YES;
				CLANG_WARN_DEPRECATED_OBJC_IMPLEMENTATIONS = YES;
				CLANG_WARN_DIRECT_OBJC_ISA_USAGE = YES_ERROR;
				CLANG_WARN_DOCUMENTATION_COMMENTS = YES;
				CLANG_WARN_EMPTY_BODY = YES;
				CLANG_WARN_ENUM_CONVERSION = YES;
				CLANG_WARN_INFINITE_RECURSION = YES;
				CLANG_WARN_INT_CONVERSION = YES;
				CLANG_WARN_NON_LITERAL_NULL_CONVERSION = YES;
				CLANG_WARN_OBJC_IMPLICIT_RETAIN_SELF = YES;
				CLANG_WARN_OBJC_LITERAL_CONVERSION = YES;
				CLANG_WARN_OBJC_ROOT_CLASS = YES_ERROR;
				CLANG_WARN_RANGE_LOOP_ANALYSIS = YES;
				CLANG_WARN_STRICT_PROTOTYPES = YES;
				CLANG_WARN_SUSPICIOUS_MOVE = YES;
				CLANG_WARN_UNGUARDED_AVAILABILITY = YES_AGGRESSIVE;
				CLANG_WARN_UNREACHABLE_CODE = YES;
				CLANG_WARN__DUPLICATE_METHOD_MATCH = YES;
				CODE_SIGN_IDENTITY = "Mac Developer";
				COPY_PHASE_STRIP = NO;
				DEBUG_INFORMATION_FORMAT = dwarf;
				ENABLE_STRICT_OBJC_MSGSEND = YES;
				ENABLE_TESTABILITY = YES;
				GCC_C_LANGUAGE_STANDARD = gnu11;
				GCC_DYNAMIC_NO_PIC = NO;
				GCC_NO_COMMON_BLOCKS = YES;
				GCC_OPTIMIZATION_LEVEL = 0;
				GCC_PREPROCESSOR_DEFINITIONS = (
					"DEBUG=1",
					"$(inherited)",
				);
				GCC_WARN_64_TO_32_BIT_CONVERSION = YES;
				GCC_WARN_ABOUT_RETURN_TYPE = YES_ERROR;
				GCC_WARN_UNDECLARED_SELECTOR = YES;
				GCC_WARN_UNINITIALIZED_AUTOS = YES_AGGRESSIVE;
				GCC_WARN_UNUSED_FUNCTION = YES;
				GCC_WARN_UNUSED_VARIABLE = YES;
				MACOSX_DEPLOYMENT_TARGET = 10.13;
				MTL_ENABLE_DEBUG_INFO = YES;
				ONLY_ACTIVE_ARCH = YES;
				SDKROOT = macosx;
			};
			name = Debug;
		};
		09506EC82124816700A9741A /* Release */ = {
			isa = XCBuildConfiguration;
			buildSettings = {
				ALWAYS_SEARCH_USER_PATHS = NO;
				CLANG_ANALYZER_NONNULL = YES;
				CLANG_ANALYZER_NUMBER_OBJECT_CONVERSION = YES_AGGRESSIVE;
				CLANG_CXX_LANGUAGE_STANDARD = "gnu++14";
				CLANG_CXX_LIBRARY = "libc++";
				CLANG_ENABLE_MODULES = YES;
				CLANG_ENABLE_OBJC_ARC = YES;
				CLANG_ENABLE_OBJC_WEAK = YES;
				CLANG_WARN_BLOCK_CAPTURE_AUTORELEASING = YES;
				CLANG_WARN_BOOL_CONVERSION = YES;
				CLANG_WARN_COMMA = YES;
				CLANG_WARN_CONSTANT_CONVERSION = YES;
				CLANG_WARN_DEPRECATED_OBJC_IMPLEMENTATIONS = YES;
				CLANG_WARN_DIRECT_OBJC_ISA_USAGE = YES_ERROR;
				CLANG_WARN_DOCUMENTATION_COMMENTS = YES;
				CLANG_WARN_EMPTY_BODY = YES;
				CLANG_WARN_ENUM_CONVERSION = YES;
				CLANG_WARN_INFINITE_RECURSION = YES;
				CLANG_WARN_INT_CONVERSION = YES;
				CLANG_WARN_NON_LITERAL_NULL_CONVERSION = YES;
				CLANG_WARN_OBJC_IMPLICIT_RETAIN_SELF = YES;
				CLANG_WARN_OBJC_LITERAL_CONVERSION = YES;
				CLANG_WARN_OBJC_ROOT_CLASS = YES_ERROR;
				CLANG_WARN_RANGE_LOOP_ANALYSIS = YES;
				CLANG_WARN_STRICT_PROTOTYPES = YES;
				CLANG_WARN_SUSPICIOUS_MOVE = YES;
				CLANG_WARN_UNGUARDED_AVAILABILITY = YES_AGGRESSIVE;
				CLANG_WARN_UNREACHABLE_CODE = YES;
				CLANG_WARN__DUPLICATE_METHOD_MATCH = YES;
				CODE_SIGN_IDENTITY = "Mac Developer";
				COPY_PHASE_STRIP = NO;
				DEBUG_INFORMATION_FORMAT = "dwarf-with-dsym";
				ENABLE_NS_ASSERTIONS = NO;
				ENABLE_STRICT_OBJC_MSGSEND = YES;
				GCC_C_LANGUAGE_STANDARD = gnu11;
				GCC_NO_COMMON_BLOCKS = YES;
				GCC_WARN_64_TO_32_BIT_CONVERSION = YES;
				GCC_WARN_ABOUT_RETURN_TYPE = YES_ERROR;
				GCC_WARN_UNDECLARED_SELECTOR = YES;
				GCC_WARN_UNINITIALIZED_AUTOS = YES_AGGRESSIVE;
				GCC_WARN_UNUSED_FUNCTION = YES;
				GCC_WARN_UNUSED_VARIABLE = YES;
				MACOSX_DEPLOYMENT_TARGET = 10.13;
				MTL_ENABLE_DEBUG_INFO = NO;
				SDKROOT = macosx;
			};
			name = Release;
		};
		09506ECA2124816700A9741A /* Debug */ = {
			isa = XCBuildConfiguration;
			buildSettings = {
				CODE_SIGN_STYLE = Automatic;
				DEVELOPMENT_TEAM = 5YJAP63HU3;
				PRODUCT_NAME = "$(TARGET_NAME)";
			};
			name = Debug;
		};
		09506ECB2124816700A9741A /* Release */ = {
			isa = XCBuildConfiguration;
			buildSettings = {
				CODE_SIGN_STYLE = Automatic;
				DEVELOPMENT_TEAM = 5YJAP63HU3;
				PRODUCT_NAME = "$(TARGET_NAME)";
			};
			name = Release;
		};
/* End XCBuildConfiguration section */

/* Begin XCConfigurationList section */
		09506EBD2124816700A9741A /* Build configuration list for PBXProject "generatic" */ = {
			isa = XCConfigurationList;
			buildConfigurations = (
				09506EC72124816700A9741A /* Debug */,
				09506EC82124816700A9741A /* Release */,
			);
			defaultConfigurationIsVisible = 0;
			defaultConfigurationName = Release;
		};
		09506EC92124816700A9741A /* Build configuration list for PBXNativeTarget "generatic" */ = {
			isa = XCConfigurationList;
			buildConfigurations = (
				09506ECA2124816700A9741A /* Debug */,
				09506ECB2124816700A9741A /* Release */,
			);
			defaultConfigurationIsVisible = 0;
			defaultConfigurationName = Release;
		};
/* End XCConfigurationList section */
	};
	rootObject = 09506EBA2124816700A9741A /* Project object */;
}
